lockfileVersion: '6.0'

settings:
  autoInstallPeers: true
  excludeLinksFromLockfile: false

devDependencies:
  '@aws-sdk/client-dynamodb':
    specifier: 3.478.0
    version: 3.478.0
  '@aws-sdk/lib-dynamodb':
    specifier: 3.478.0
    version: 3.478.0(@aws-sdk/client-dynamodb@3.478.0)
  '@tsconfig/node20':
    specifier: ^20.1.2
    version: 20.1.2
  bun:
    specifier: ^1.0.14
    version: 1.0.14
  bun-types:
    specifier: ^1.0.14
    version: 1.0.14
  typescript:
    specifier: ^5.3.3
    version: 5.3.3

packages:

  /@aws-crypto/crc32@3.0.0:
    resolution: {integrity: sha512-IzSgsrxUcsrejQbPVilIKy16kAT52EwB6zSaI+M3xxIhKh5+aldEyvI+z6erM7TCLB2BJsFrtHjp6/4/sr+3dA==}
    dependencies:
      '@aws-crypto/util': 3.0.0
      '@aws-sdk/types': 3.468.0
      tslib: 1.14.1
    dev: true

  /@aws-crypto/ie11-detection@3.0.0:
    resolution: {integrity: sha512-341lBBkiY1DfDNKai/wXM3aujNBkXR7tq1URPQDL9wi3AUbI80NR74uF1TXHMm7po1AcnFk8iu2S2IeU/+/A+Q==}
    dependencies:
      tslib: 1.14.1
    dev: true

  /@aws-crypto/sha256-browser@3.0.0:
    resolution: {integrity: sha512-8VLmW2B+gjFbU5uMeqtQM6Nj0/F1bro80xQXCW6CQBWgosFWXTx77aeOF5CAIAmbOK64SdMBJdNr6J41yP5mvQ==}
    dependencies:
      '@aws-crypto/ie11-detection': 3.0.0
      '@aws-crypto/sha256-js': 3.0.0
      '@aws-crypto/supports-web-crypto': 3.0.0
      '@aws-crypto/util': 3.0.0
      '@aws-sdk/types': 3.468.0
      '@aws-sdk/util-locate-window': 3.465.0
      '@aws-sdk/util-utf8-browser': 3.259.0
      tslib: 1.14.1
    dev: true

  /@aws-crypto/sha256-js@3.0.0:
    resolution: {integrity: sha512-PnNN7os0+yd1XvXAy23CFOmTbMaDxgxXtTKHybrJ39Y8kGzBATgBFibWJKH6BhytLI/Zyszs87xCOBNyBig6vQ==}
    dependencies:
      '@aws-crypto/util': 3.0.0
      '@aws-sdk/types': 3.468.0
      tslib: 1.14.1
    dev: true

  /@aws-crypto/supports-web-crypto@3.0.0:
    resolution: {integrity: sha512-06hBdMwUAb2WFTuGG73LSC0wfPu93xWwo5vL2et9eymgmu3Id5vFAHBbajVWiGhPO37qcsdCap/FqXvJGJWPIg==}
    dependencies:
      tslib: 1.14.1
    dev: true

  /@aws-crypto/util@3.0.0:
    resolution: {integrity: sha512-2OJlpeJpCR48CC8r+uKVChzs9Iungj9wkZrl8Z041DWEWvyIHILYKCPNzJghKsivj+S3mLo6BVc7mBNzdxA46w==}
    dependencies:
      '@aws-sdk/types': 3.468.0
      '@aws-sdk/util-utf8-browser': 3.259.0
      tslib: 1.14.1
    dev: true

  /@aws-sdk/client-dynamodb@3.478.0:
    resolution: {integrity: sha512-8kFfGP9DXWMPjnYpY31Nu8evNFR4H2hK2hvYYeCJFRx05m0GwYUNeF9D0lL0g3UjeTYuhcE1YvyzaqQrUsIoIw==}
    engines: {node: '>=14.0.0'}
    dependencies:
      '@aws-crypto/sha256-browser': 3.0.0
      '@aws-crypto/sha256-js': 3.0.0
      '@aws-sdk/client-sts': 3.478.0
      '@aws-sdk/core': 3.477.0
      '@aws-sdk/credential-provider-node': 3.478.0
      '@aws-sdk/middleware-endpoint-discovery': 3.470.0
      '@aws-sdk/middleware-host-header': 3.468.0
      '@aws-sdk/middleware-logger': 3.468.0
      '@aws-sdk/middleware-recursion-detection': 3.468.0
      '@aws-sdk/middleware-user-agent': 3.478.0
      '@aws-sdk/region-config-resolver': 3.470.0
      '@aws-sdk/types': 3.468.0
      '@aws-sdk/util-endpoints': 3.478.0
      '@aws-sdk/util-user-agent-browser': 3.468.0
      '@aws-sdk/util-user-agent-node': 3.470.0
      '@smithy/config-resolver': 2.0.21
      '@smithy/core': 1.2.1
      '@smithy/fetch-http-handler': 2.3.1
      '@smithy/hash-node': 2.0.17
      '@smithy/invalid-dependency': 2.0.15
      '@smithy/middleware-content-length': 2.0.17
      '@smithy/middleware-endpoint': 2.2.3
      '@smithy/middleware-retry': 2.0.25
      '@smithy/middleware-serde': 2.0.15
      '@smithy/middleware-stack': 2.0.9
      '@smithy/node-config-provider': 2.1.8
      '@smithy/node-http-handler': 2.2.1
      '@smithy/protocol-http': 3.0.11
      '@smithy/smithy-client': 2.2.0
      '@smithy/types': 2.7.0
      '@smithy/url-parser': 2.0.15
      '@smithy/util-base64': 2.0.1
      '@smithy/util-body-length-browser': 2.0.1
      '@smithy/util-body-length-node': 2.1.0
      '@smithy/util-defaults-mode-browser': 2.0.23
      '@smithy/util-defaults-mode-node': 2.0.30
      '@smithy/util-endpoints': 1.0.7
      '@smithy/util-middleware': 2.0.8
      '@smithy/util-retry': 2.0.8
      '@smithy/util-utf8': 2.0.2
      '@smithy/util-waiter': 2.0.15
      tslib: 2.6.2
      uuid: 8.3.2
    transitivePeerDependencies:
      - aws-crt
    dev: true

  /@aws-sdk/client-sso@3.478.0:
    resolution: {integrity: sha512-Jxy9cE1JMkPR0PklCpq3cORHnZq/Z4klhSTNGgZNeBWovMa+plor52kyh8iUNHKl3XEJvTbHM7V+dvrr/x0P1g==}
    engines: {node: '>=14.0.0'}
    dependencies:
      '@aws-crypto/sha256-browser': 3.0.0
      '@aws-crypto/sha256-js': 3.0.0
      '@aws-sdk/core': 3.477.0
      '@aws-sdk/middleware-host-header': 3.468.0
      '@aws-sdk/middleware-logger': 3.468.0
      '@aws-sdk/middleware-recursion-detection': 3.468.0
      '@aws-sdk/middleware-user-agent': 3.478.0
      '@aws-sdk/region-config-resolver': 3.470.0
      '@aws-sdk/types': 3.468.0
      '@aws-sdk/util-endpoints': 3.478.0
      '@aws-sdk/util-user-agent-browser': 3.468.0
      '@aws-sdk/util-user-agent-node': 3.470.0
      '@smithy/config-resolver': 2.0.21
      '@smithy/core': 1.2.1
      '@smithy/fetch-http-handler': 2.3.1
      '@smithy/hash-node': 2.0.17
      '@smithy/invalid-dependency': 2.0.15
      '@smithy/middleware-content-length': 2.0.17
      '@smithy/middleware-endpoint': 2.2.3
      '@smithy/middleware-retry': 2.0.25
      '@smithy/middleware-serde': 2.0.15
      '@smithy/middleware-stack': 2.0.9
      '@smithy/node-config-provider': 2.1.8
      '@smithy/node-http-handler': 2.2.1
      '@smithy/protocol-http': 3.0.11
      '@smithy/smithy-client': 2.2.0
      '@smithy/types': 2.7.0
      '@smithy/url-parser': 2.0.15
      '@smithy/util-base64': 2.0.1
      '@smithy/util-body-length-browser': 2.0.1
      '@smithy/util-body-length-node': 2.1.0
      '@smithy/util-defaults-mode-browser': 2.0.23
      '@smithy/util-defaults-mode-node': 2.0.30
      '@smithy/util-endpoints': 1.0.7
      '@smithy/util-retry': 2.0.8
      '@smithy/util-utf8': 2.0.2
      tslib: 2.6.2
    transitivePeerDependencies:
      - aws-crt
    dev: true

  /@aws-sdk/client-sts@3.478.0:
    resolution: {integrity: sha512-D+QID0dYzmn9dcxgKP3/nMndUqiQbDLsqI0Zf2pG4MW5gPhVNKlDGIV3Ztz8SkMjzGJExNOLW2L569o8jshJVw==}
    engines: {node: '>=14.0.0'}
    dependencies:
      '@aws-crypto/sha256-browser': 3.0.0
      '@aws-crypto/sha256-js': 3.0.0
      '@aws-sdk/core': 3.477.0
      '@aws-sdk/credential-provider-node': 3.478.0
      '@aws-sdk/middleware-host-header': 3.468.0
      '@aws-sdk/middleware-logger': 3.468.0
      '@aws-sdk/middleware-recursion-detection': 3.468.0
      '@aws-sdk/middleware-user-agent': 3.478.0
      '@aws-sdk/region-config-resolver': 3.470.0
      '@aws-sdk/types': 3.468.0
      '@aws-sdk/util-endpoints': 3.478.0
      '@aws-sdk/util-user-agent-browser': 3.468.0
      '@aws-sdk/util-user-agent-node': 3.470.0
      '@smithy/config-resolver': 2.0.21
      '@smithy/core': 1.2.1
      '@smithy/fetch-http-handler': 2.3.1
      '@smithy/hash-node': 2.0.17
      '@smithy/invalid-dependency': 2.0.15
      '@smithy/middleware-content-length': 2.0.17
      '@smithy/middleware-endpoint': 2.2.3
      '@smithy/middleware-retry': 2.0.25
      '@smithy/middleware-serde': 2.0.15
      '@smithy/middleware-stack': 2.0.9
      '@smithy/node-config-provider': 2.1.8
      '@smithy/node-http-handler': 2.2.1
      '@smithy/protocol-http': 3.0.11
      '@smithy/smithy-client': 2.2.0
      '@smithy/types': 2.7.0
      '@smithy/url-parser': 2.0.15
      '@smithy/util-base64': 2.0.1
      '@smithy/util-body-length-browser': 2.0.1
      '@smithy/util-body-length-node': 2.1.0
      '@smithy/util-defaults-mode-browser': 2.0.23
      '@smithy/util-defaults-mode-node': 2.0.30
      '@smithy/util-endpoints': 1.0.7
      '@smithy/util-middleware': 2.0.8
      '@smithy/util-retry': 2.0.8
      '@smithy/util-utf8': 2.0.2
      fast-xml-parser: 4.2.5
      tslib: 2.6.2
    transitivePeerDependencies:
      - aws-crt
    dev: true

  /@aws-sdk/core@3.477.0:
    resolution: {integrity: sha512-o0434EH+d1BxHZvgG7z8vph2SYefciQ5RnJw2MgvETGnthgqsnI4nnNJLSw0FVeqCeS18n6vRtzqlGYR2YPCNg==}
    engines: {node: '>=14.0.0'}
    dependencies:
      '@smithy/core': 1.2.1
      '@smithy/protocol-http': 3.0.11
      '@smithy/signature-v4': 2.0.18
      '@smithy/smithy-client': 2.2.0
      '@smithy/types': 2.7.0
      tslib: 2.6.2
    dev: true

  /@aws-sdk/credential-provider-env@3.468.0:
    resolution: {integrity: sha512-k/1WHd3KZn0EQYjadooj53FC0z24/e4dUZhbSKTULgmxyO62pwh9v3Brvw4WRa/8o2wTffU/jo54tf4vGuP/ZA==}
    engines: {node: '>=14.0.0'}
    dependencies:
      '@aws-sdk/types': 3.468.0
      '@smithy/property-provider': 2.0.16
      '@smithy/types': 2.7.0
      tslib: 2.6.2
    dev: true

  /@aws-sdk/credential-provider-ini@3.478.0:
    resolution: {integrity: sha512-SsrYEYUvTG9ZoPC+zB19AnVoOKID+QIEHJDIi1GCZXW5kTVyr1saTVm4orG2TjYvbHQMddsWtHOvGYXZWAYMbw==}
    engines: {node: '>=14.0.0'}
    dependencies:
      '@aws-sdk/credential-provider-env': 3.468.0
      '@aws-sdk/credential-provider-process': 3.468.0
      '@aws-sdk/credential-provider-sso': 3.478.0
      '@aws-sdk/credential-provider-web-identity': 3.468.0
      '@aws-sdk/types': 3.468.0
      '@smithy/credential-provider-imds': 2.1.4
      '@smithy/property-provider': 2.0.16
      '@smithy/shared-ini-file-loader': 2.2.7
      '@smithy/types': 2.7.0
      tslib: 2.6.2
    transitivePeerDependencies:
      - aws-crt
    dev: true

  /@aws-sdk/credential-provider-node@3.478.0:
    resolution: {integrity: sha512-nwDutJYeHiIZCQDgKIUrsgwAWTil0mNe+cbd+j8fi+wwxkWUzip+F0+z02molJ8WrUUKNRhqB1V5aVx7IranuA==}
    engines: {node: '>=14.0.0'}
    dependencies:
      '@aws-sdk/credential-provider-env': 3.468.0
      '@aws-sdk/credential-provider-ini': 3.478.0
      '@aws-sdk/credential-provider-process': 3.468.0
      '@aws-sdk/credential-provider-sso': 3.478.0
      '@aws-sdk/credential-provider-web-identity': 3.468.0
      '@aws-sdk/types': 3.468.0
      '@smithy/credential-provider-imds': 2.1.4
      '@smithy/property-provider': 2.0.16
      '@smithy/shared-ini-file-loader': 2.2.7
      '@smithy/types': 2.7.0
      tslib: 2.6.2
    transitivePeerDependencies:
      - aws-crt
    dev: true

  /@aws-sdk/credential-provider-process@3.468.0:
    resolution: {integrity: sha512-OYSn1A/UsyPJ7Z8Q2cNhTf55O36shPmSsvOfND04nSfu1nPaR+VUvvsP7v+brhGpwC/GAKTIdGAo4blH31BS6A==}
    engines: {node: '>=14.0.0'}
    dependencies:
      '@aws-sdk/types': 3.468.0
      '@smithy/property-provider': 2.0.16
      '@smithy/shared-ini-file-loader': 2.2.7
      '@smithy/types': 2.7.0
      tslib: 2.6.2
    dev: true

  /@aws-sdk/credential-provider-sso@3.478.0:
    resolution: {integrity: sha512-LsDShG51X/q+s5ZFN7kHVqrd8ZHdyEyHqdhoocmRvvw2Dif50M0AqQfvCrW1ndj5CNzXO4x/eH8EK5ZOVlS6Sg==}
    engines: {node: '>=14.0.0'}
    dependencies:
      '@aws-sdk/client-sso': 3.478.0
      '@aws-sdk/token-providers': 3.478.0
      '@aws-sdk/types': 3.468.0
      '@smithy/property-provider': 2.0.16
      '@smithy/shared-ini-file-loader': 2.2.7
      '@smithy/types': 2.7.0
      tslib: 2.6.2
    transitivePeerDependencies:
      - aws-crt
    dev: true

  /@aws-sdk/credential-provider-web-identity@3.468.0:
    resolution: {integrity: sha512-rexymPmXjtkwCPfhnUq3EjO1rSkf39R4Jz9CqiM7OsqK2qlT5Y/V3gnMKn0ZMXsYaQOMfM3cT5xly5R+OKDHlw==}
    engines: {node: '>=14.0.0'}
    dependencies:
      '@aws-sdk/types': 3.468.0
      '@smithy/property-provider': 2.0.16
      '@smithy/types': 2.7.0
      tslib: 2.6.2
    dev: true

  /@aws-sdk/endpoint-cache@3.465.0:
    resolution: {integrity: sha512-0cuotk23hVSrqxHkJ3TTWC9MVMRgwlUvCatyegJEauJnk8kpLSGXE5KVdExlUBwShGNlj7ac29okZ9m17iTi5Q==}
    engines: {node: '>=14.0.0'}
    dependencies:
      mnemonist: 0.38.3
      tslib: 2.6.2
    dev: true

  /@aws-sdk/lib-dynamodb@3.478.0(@aws-sdk/client-dynamodb@3.478.0):
    resolution: {integrity: sha512-RYzGedXOlpLzgp+kAJ1tL71QNtGemI6wBivzbaNSOu+C7GIvIEEHvzvvNYOZ8UkrMVXgfELLm5XbSRk+JEWE3g==}
    engines: {node: '>=14.0.0'}
    peerDependencies:
      '@aws-sdk/client-dynamodb': ^3.0.0
    dependencies:
      '@aws-sdk/client-dynamodb': 3.478.0
      '@aws-sdk/util-dynamodb': 3.478.0(@aws-sdk/client-dynamodb@3.478.0)
      '@smithy/smithy-client': 2.2.0
      '@smithy/types': 2.7.0
      tslib: 2.6.2
    dev: true

  /@aws-sdk/middleware-endpoint-discovery@3.470.0:
    resolution: {integrity: sha512-pN+3Y7W3Xvs6pE2RlkXmO7ugOGLXsGR3zJI/fiGOLoCOGESuM3fq3CXdasOl76wch0L9iB1lPmoHMabkxKugGQ==}
    engines: {node: '>=14.0.0'}
    dependencies:
      '@aws-sdk/endpoint-cache': 3.465.0
      '@aws-sdk/types': 3.468.0
      '@smithy/node-config-provider': 2.1.8
      '@smithy/protocol-http': 3.0.11
      '@smithy/types': 2.7.0
      tslib: 2.6.2
    dev: true

  /@aws-sdk/middleware-host-header@3.468.0:
    resolution: {integrity: sha512-gwQ+/QhX+lhof304r6zbZ/V5l5cjhGRxLL3CjH1uJPMcOAbw9wUlMdl+ibr8UwBZ5elfKFGiB1cdW/0uMchw0w==}
    engines: {node: '>=14.0.0'}
    dependencies:
      '@aws-sdk/types': 3.468.0
      '@smithy/protocol-http': 3.0.11
      '@smithy/types': 2.7.0
      tslib: 2.6.2
    dev: true

  /@aws-sdk/middleware-logger@3.468.0:
    resolution: {integrity: sha512-X5XHKV7DHRXI3f29SAhJPe/OxWRFgDWDMMCALfzhmJfCi6Jfh0M14cJKoC+nl+dk9lB+36+jKjhjETZaL2bPlA==}
    engines: {node: '>=14.0.0'}
    dependencies:
      '@aws-sdk/types': 3.468.0
      '@smithy/types': 2.7.0
      tslib: 2.6.2
    dev: true

  /@aws-sdk/middleware-recursion-detection@3.468.0:
    resolution: {integrity: sha512-vch9IQib2Ng9ucSyRW2eKNQXHUPb5jUPCLA5otTW/8nGjcOU37LxQG4WrxO7uaJ9Oe8hjHO+hViE3P0KISUhtA==}
    engines: {node: '>=14.0.0'}
    dependencies:
      '@aws-sdk/types': 3.468.0
      '@smithy/protocol-http': 3.0.11
      '@smithy/types': 2.7.0
      tslib: 2.6.2
    dev: true

  /@aws-sdk/middleware-user-agent@3.478.0:
    resolution: {integrity: sha512-Rec+nAPIzzwxgHPW+xqY6tooJGFOytpYg/xSRv8/IXl3xKGhmpMGs6gDWzmMBv/qy5nKTvLph/csNWJ98GWXCw==}
    engines: {node: '>=14.0.0'}
    dependencies:
      '@aws-sdk/types': 3.468.0
      '@aws-sdk/util-endpoints': 3.478.0
      '@smithy/protocol-http': 3.0.11
      '@smithy/types': 2.7.0
      tslib: 2.6.2
    dev: true

  /@aws-sdk/region-config-resolver@3.470.0:
    resolution: {integrity: sha512-C1o1J06iIw8cyAAOvHqT4Bbqf+PgQ/RDlSyjt2gFfP2OovDpc2o2S90dE8f8iZdSGpg70N5MikT1DBhW9NbhtQ==}
    engines: {node: '>=14.0.0'}
    dependencies:
      '@smithy/node-config-provider': 2.1.8
      '@smithy/types': 2.7.0
      '@smithy/util-config-provider': 2.0.0
      '@smithy/util-middleware': 2.0.8
      tslib: 2.6.2
    dev: true

  /@aws-sdk/token-providers@3.478.0:
    resolution: {integrity: sha512-7b5tj1y/wGHZIZ+ckjOUKgKrMuCJMF/G1UKZKIqqdekeEsjcThbvoxAMeY0FEowu2ODVk/ggOmpBFxcu0iYd6A==}
    engines: {node: '>=14.0.0'}
    dependencies:
      '@aws-crypto/sha256-browser': 3.0.0
      '@aws-crypto/sha256-js': 3.0.0
      '@aws-sdk/middleware-host-header': 3.468.0
      '@aws-sdk/middleware-logger': 3.468.0
      '@aws-sdk/middleware-recursion-detection': 3.468.0
      '@aws-sdk/middleware-user-agent': 3.478.0
      '@aws-sdk/region-config-resolver': 3.470.0
      '@aws-sdk/types': 3.468.0
      '@aws-sdk/util-endpoints': 3.478.0
      '@aws-sdk/util-user-agent-browser': 3.468.0
      '@aws-sdk/util-user-agent-node': 3.470.0
      '@smithy/config-resolver': 2.0.21
      '@smithy/fetch-http-handler': 2.3.1
      '@smithy/hash-node': 2.0.17
      '@smithy/invalid-dependency': 2.0.15
      '@smithy/middleware-content-length': 2.0.17
      '@smithy/middleware-endpoint': 2.2.3
      '@smithy/middleware-retry': 2.0.25
      '@smithy/middleware-serde': 2.0.15
      '@smithy/middleware-stack': 2.0.9
      '@smithy/node-config-provider': 2.1.8
      '@smithy/node-http-handler': 2.2.1
      '@smithy/property-provider': 2.0.16
      '@smithy/protocol-http': 3.0.11
      '@smithy/shared-ini-file-loader': 2.2.7
      '@smithy/smithy-client': 2.2.0
      '@smithy/types': 2.7.0
      '@smithy/url-parser': 2.0.15
      '@smithy/util-base64': 2.0.1
      '@smithy/util-body-length-browser': 2.0.1
      '@smithy/util-body-length-node': 2.1.0
      '@smithy/util-defaults-mode-browser': 2.0.23
      '@smithy/util-defaults-mode-node': 2.0.30
      '@smithy/util-endpoints': 1.0.7
      '@smithy/util-retry': 2.0.8
      '@smithy/util-utf8': 2.0.2
      tslib: 2.6.2
    transitivePeerDependencies:
      - aws-crt
    dev: true

  /@aws-sdk/types@3.468.0:
    resolution: {integrity: sha512-rx/9uHI4inRbp2tw3Y4Ih4PNZkVj32h7WneSg3MVgVjAoVD5Zti9KhS5hkvsBxfgmQmg0AQbE+b1sy5WGAgntA==}
    engines: {node: '>=14.0.0'}
    dependencies:
      '@smithy/types': 2.7.0
      tslib: 2.6.2
    dev: true

  /@aws-sdk/util-dynamodb@3.478.0(@aws-sdk/client-dynamodb@3.478.0):
    resolution: {integrity: sha512-DmyINA+flhy5VzHFrPCwPX3ZLRThgUjVORGVybBWDLUnuFKzG4kNz+VPyzNLxDdvYebESbiSlfR5mR6MTvzIZA==}
    engines: {node: '>=14.0.0'}
    peerDependencies:
      '@aws-sdk/client-dynamodb': ^3.0.0
    dependencies:
      '@aws-sdk/client-dynamodb': 3.478.0
      tslib: 2.6.2
    dev: true

  /@aws-sdk/util-endpoints@3.478.0:
    resolution: {integrity: sha512-u9Mcg3euGJGs5clPt9mBuhBjHiEKiD0PnfvArhfq9i+dcY5mbCq/i1Dezp3iv1fZH9xxQt7hPXDfSpt1yUSM6g==}
    engines: {node: '>=14.0.0'}
    dependencies:
      '@aws-sdk/types': 3.468.0
      '@smithy/util-endpoints': 1.0.7
      tslib: 2.6.2
    dev: true

  /@aws-sdk/util-locate-window@3.465.0:
    resolution: {integrity: sha512-f+QNcWGswredzC1ExNAB/QzODlxwaTdXkNT5cvke2RLX8SFU5pYk6h4uCtWC0vWPELzOfMfloBrJefBzlarhsw==}
    engines: {node: '>=14.0.0'}
    dependencies:
      tslib: 2.6.2
    dev: true

  /@aws-sdk/util-user-agent-browser@3.468.0:
    resolution: {integrity: sha512-OJyhWWsDEizR3L+dCgMXSUmaCywkiZ7HSbnQytbeKGwokIhD69HTiJcibF/sgcM5gk4k3Mq3puUhGnEZ46GIig==}
    dependencies:
      '@aws-sdk/types': 3.468.0
      '@smithy/types': 2.7.0
      bowser: 2.11.0
      tslib: 2.6.2
    dev: true

  /@aws-sdk/util-user-agent-node@3.470.0:
    resolution: {integrity: sha512-QxsZ9iVHcBB/XRdYvwfM5AMvNp58HfqkIrH88mY0cmxuvtlIGDfWjczdDrZMJk9y0vIq+cuoCHsGXHu7PyiEAQ==}
    engines: {node: '>=14.0.0'}
    peerDependencies:
      aws-crt: '>=1.0.0'
    peerDependenciesMeta:
      aws-crt:
        optional: true
    dependencies:
      '@aws-sdk/types': 3.468.0
      '@smithy/node-config-provider': 2.1.8
      '@smithy/types': 2.7.0
      tslib: 2.6.2
    dev: true

  /@aws-sdk/util-utf8-browser@3.259.0:
    resolution: {integrity: sha512-UvFa/vR+e19XookZF8RzFZBrw2EUkQWxiBW0yYQAhvk3C+QVGl0H3ouca8LDBlBfQKXwmW3huo/59H8rwb1wJw==}
    dependencies:
      tslib: 2.6.2
    dev: true

  /@oven/bun-darwin-aarch64@1.0.14:
    resolution: {integrity: sha512-dx3oMSyok9hMR+0uZTSF+OwGYvrJbiRpx/4MxRDtasBgCqLO8YvI0TKtPYPx+hRHfQKKRR6hRIMcG8kwLVkEJQ==}
    cpu: [arm64]
    os: [darwin]
    requiresBuild: true
    dev: true
    optional: true

  /@oven/bun-darwin-x64-baseline@1.0.14:
    resolution: {integrity: sha512-x6QRBPygKHhxO19NpdTMX2nbQfbqiLB6XOcTZ4927MBx1af74f111yC1lZ4DzLQhqD7BORMoqtVL7hluVuGGWQ==}
    cpu: [x64]
    os: [darwin]
    requiresBuild: true
    dev: true
    optional: true

  /@oven/bun-darwin-x64@1.0.14:
    resolution: {integrity: sha512-FydMlmFmWF009mqXpHe2rkl+7AEptNKBtN3u0Jz1UtGfWYQhAmTSNLNr8bvFBT2vV5wA1GAan5p3/HNjM9+djA==}
    cpu: [x64]
    os: [darwin]
    requiresBuild: true
    dev: true
    optional: true

  /@oven/bun-linux-aarch64@1.0.14:
    resolution: {integrity: sha512-biM4wx1dGr4X3O1LzrNwRBk+A6uIrCy08xFg7UqWRFXbVPWAf6DwKiRBGnrIIziit2OCza4aRM3GgN/2aylr+A==}
    cpu: [arm64]
    os: [linux]
    requiresBuild: true
    dev: true
    optional: true

  /@oven/bun-linux-x64-baseline@1.0.14:
    resolution: {integrity: sha512-Qxipp8jXaJdf/iVEPtZZMA7yK8OXhm74daaP7eU+mUMwgLVyjhj8LSCT8xWZkrjR7GK3UZJhJJJllSZ847pXDQ==}
    cpu: [x64]
    os: [linux]
    requiresBuild: true
    dev: true
    optional: true

  /@oven/bun-linux-x64@1.0.14:
    resolution: {integrity: sha512-Boe49aboUOffHw4HQ39hgtnxWJJmJpMrLVwPCWhPXxaOcraOgfv5zoGh5h7Ic210lZEDE8difqY7y5uE0TsmUQ==}
    cpu: [x64]
    os: [linux]
    requiresBuild: true
    dev: true
    optional: true

  /@smithy/abort-controller@2.0.15:
    resolution: {integrity: sha512-JkS36PIS3/UCbq/MaozzV7jECeL+BTt4R75bwY8i+4RASys4xOyUS1HsRyUNSqUXFP4QyCz5aNnh3ltuaxv+pw==}
    engines: {node: '>=14.0.0'}
    dependencies:
      '@smithy/types': 2.7.0
      tslib: 2.6.2
    dev: true

  /@smithy/config-resolver@2.0.21:
    resolution: {integrity: sha512-rlLIGT+BeqjnA6C2FWumPRJS1UW07iU5ZxDHtFuyam4W65gIaOFMjkB90ofKCIh+0mLVQrQFrl/VLtQT/6FWTA==}
    engines: {node: '>=14.0.0'}
    dependencies:
      '@smithy/node-config-provider': 2.1.8
      '@smithy/types': 2.7.0
      '@smithy/util-config-provider': 2.0.0
      '@smithy/util-middleware': 2.0.8
      tslib: 2.6.2
    dev: true

  /@smithy/core@1.2.1:
    resolution: {integrity: sha512-f6cwmMuHo7RIw/c184NBd2rGeGvGIX6p55HSrG5jfR3qkNYo80PHRfhzkJMq1+mv1ZjI5p8NhenWMMkIRJR4tw==}
    engines: {node: '>=14.0.0'}
    dependencies:
      '@smithy/middleware-endpoint': 2.2.3
      '@smithy/middleware-retry': 2.0.25
      '@smithy/middleware-serde': 2.0.15
      '@smithy/protocol-http': 3.0.11
      '@smithy/smithy-client': 2.2.0
      '@smithy/types': 2.7.0
      '@smithy/util-middleware': 2.0.8
      tslib: 2.6.2
    dev: true

  /@smithy/credential-provider-imds@2.1.4:
    resolution: {integrity: sha512-cwPJN1fa1YOQzhBlTXRavABEYRRchci1X79QRwzaNLySnIMJfztyv1Zkst0iZPLMnpn8+CnHu3wOHS11J5Dr3A==}
    engines: {node: '>=14.0.0'}
    dependencies:
      '@smithy/node-config-provider': 2.1.8
      '@smithy/property-provider': 2.0.16
      '@smithy/types': 2.7.0
      '@smithy/url-parser': 2.0.15
      tslib: 2.6.2
    dev: true

  /@smithy/eventstream-codec@2.0.15:
    resolution: {integrity: sha512-crjvz3j1gGPwA0us6cwS7+5gAn35CTmqu/oIxVbYJo2Qm/sGAye6zGJnMDk3BKhWZw5kcU1G4MxciTkuBpOZPg==}
    dependencies:
      '@aws-crypto/crc32': 3.0.0
      '@smithy/types': 2.7.0
      '@smithy/util-hex-encoding': 2.0.0
      tslib: 2.6.2
    dev: true

  /@smithy/fetch-http-handler@2.3.1:
    resolution: {integrity: sha512-6MNk16fqb8EwcYY8O8WxB3ArFkLZ2XppsSNo1h7SQcFdDDwIumiJeO6wRzm7iB68xvsOQzsdQKbdtTieS3hfSQ==}
    dependencies:
      '@smithy/protocol-http': 3.0.11
      '@smithy/querystring-builder': 2.0.15
      '@smithy/types': 2.7.0
      '@smithy/util-base64': 2.0.1
      tslib: 2.6.2
    dev: true

  /@smithy/hash-node@2.0.17:
    resolution: {integrity: sha512-Il6WuBcI1nD+e2DM7tTADMf01wEPGK8PAhz4D+YmDUVaoBqlA+CaH2uDJhiySifmuKBZj748IfygXty81znKhw==}
    engines: {node: '>=14.0.0'}
    dependencies:
      '@smithy/types': 2.7.0
      '@smithy/util-buffer-from': 2.0.0
      '@smithy/util-utf8': 2.0.2
      tslib: 2.6.2
    dev: true

  /@smithy/invalid-dependency@2.0.15:
    resolution: {integrity: sha512-dlEKBFFwVfzA5QroHlBS94NpgYjXhwN/bFfun+7w3rgxNvVy79SK0w05iGc7UAeC5t+D7gBxrzdnD6hreZnDVQ==}
    dependencies:
      '@smithy/types': 2.7.0
      tslib: 2.6.2
    dev: true

  /@smithy/is-array-buffer@2.0.0:
    resolution: {integrity: sha512-z3PjFjMyZNI98JFRJi/U0nGoLWMSJlDjAW4QUX2WNZLas5C0CmVV6LJ01JI0k90l7FvpmixjWxPFmENSClQ7ug==}
    engines: {node: '>=14.0.0'}
    dependencies:
      tslib: 2.6.2
    dev: true

  /@smithy/middleware-content-length@2.0.17:
    resolution: {integrity: sha512-OyadvMcKC7lFXTNBa8/foEv7jOaqshQZkjWS9coEXPRZnNnihU/Ls+8ZuJwGNCOrN2WxXZFmDWhegbnM4vak8w==}
    engines: {node: '>=14.0.0'}
    dependencies:
      '@smithy/protocol-http': 3.0.11
      '@smithy/types': 2.7.0
      tslib: 2.6.2
    dev: true

  /@smithy/middleware-endpoint@2.2.3:
    resolution: {integrity: sha512-nYfxuq0S/xoAjdLbyn1ixeVB6cyH9wYCMtbbOCpcCRYR5u2mMtqUtVjjPAZ/DIdlK3qe0tpB0Q76szFGNuz+kQ==}
    engines: {node: '>=14.0.0'}
    dependencies:
      '@smithy/middleware-serde': 2.0.15
      '@smithy/node-config-provider': 2.1.8
      '@smithy/shared-ini-file-loader': 2.2.7
      '@smithy/types': 2.7.0
      '@smithy/url-parser': 2.0.15
      '@smithy/util-middleware': 2.0.8
      tslib: 2.6.2
    dev: true

  /@smithy/middleware-retry@2.0.25:
    resolution: {integrity: sha512-FXhafCPvx/9L9OgHJ3cdo/pD1f7ngC7DKsjDV2J7k6LO/Yl69POoBLk4sI1OZPUGc4dfxriENlTma9Nj1hI+IQ==}
    engines: {node: '>=14.0.0'}
    dependencies:
      '@smithy/node-config-provider': 2.1.8
      '@smithy/protocol-http': 3.0.11
      '@smithy/service-error-classification': 2.0.8
      '@smithy/smithy-client': 2.2.0
      '@smithy/types': 2.7.0
      '@smithy/util-middleware': 2.0.8
      '@smithy/util-retry': 2.0.8
      tslib: 2.6.2
      uuid: 8.3.2
    dev: true

  /@smithy/middleware-serde@2.0.15:
    resolution: {integrity: sha512-FOZRFk/zN4AT4wzGuBY+39XWe+ZnCFd0gZtyw3f9Okn2CJPixl9GyWe98TIaljeZdqWkgrzGyPre20AcW2UMHQ==}
    engines: {node: '>=14.0.0'}
    dependencies:
      '@smithy/types': 2.7.0
      tslib: 2.6.2
    dev: true

  /@smithy/middleware-stack@2.0.9:
    resolution: {integrity: sha512-bCB5dUtGQ5wh7QNL2ELxmDc6g7ih7jWU3Kx6MYH1h4mZbv9xL3WyhKHojRltThCB1arLPyTUFDi+x6fB/oabtA==}
    engines: {node: '>=14.0.0'}
    dependencies:
      '@smithy/types': 2.7.0
      tslib: 2.6.2
    dev: true

  /@smithy/node-config-provider@2.1.8:
    resolution: {integrity: sha512-+w26OKakaBUGp+UG+dxYZtFb5fs3tgHg3/QrRrmUZj+rl3cIuw840vFUXX35cVPTUCQIiTqmz7CpVF7+hdINdQ==}
    engines: {node: '>=14.0.0'}
    dependencies:
      '@smithy/property-provider': 2.0.16
      '@smithy/shared-ini-file-loader': 2.2.7
      '@smithy/types': 2.7.0
      tslib: 2.6.2
    dev: true

  /@smithy/node-http-handler@2.2.1:
    resolution: {integrity: sha512-8iAKQrC8+VFHPAT8pg4/j6hlsTQh+NKOWlctJBrYtQa4ExcxX7aSg3vdQ2XLoYwJotFUurg/NLqFCmZaPRrogw==}
    engines: {node: '>=14.0.0'}
    dependencies:
      '@smithy/abort-controller': 2.0.15
      '@smithy/protocol-http': 3.0.11
      '@smithy/querystring-builder': 2.0.15
      '@smithy/types': 2.7.0
      tslib: 2.6.2
    dev: true

  /@smithy/property-provider@2.0.16:
    resolution: {integrity: sha512-28Ky0LlOqtEjwg5CdHmwwaDRHcTWfPRzkT6HrhwOSRS2RryAvuDfJrZpM+BMcrdeCyEg1mbcgIMoqTla+rdL8Q==}
    engines: {node: '>=14.0.0'}
    dependencies:
      '@smithy/types': 2.7.0
      tslib: 2.6.2
    dev: true

  /@smithy/protocol-http@3.0.11:
    resolution: {integrity: sha512-3ziB8fHuXIRamV/akp/sqiWmNPR6X+9SB8Xxnozzj+Nq7hSpyKdFHd1FLpBkgfGFUTzzcBJQlDZPSyxzmdcx5A==}
    engines: {node: '>=14.0.0'}
    dependencies:
      '@smithy/types': 2.7.0
      tslib: 2.6.2
    dev: true

  /@smithy/querystring-builder@2.0.15:
    resolution: {integrity: sha512-e1q85aT6HutvouOdN+dMsN0jcdshp50PSCvxDvo6aIM57LqeXimjfONUEgfqQ4IFpYWAtVixptyIRE5frMp/2A==}
    engines: {node: '>=14.0.0'}
    dependencies:
      '@smithy/types': 2.7.0
      '@smithy/util-uri-escape': 2.0.0
      tslib: 2.6.2
    dev: true

  /@smithy/querystring-parser@2.0.15:
    resolution: {integrity: sha512-jbBvoK3cc81Cj1c1TH1qMYxNQKHrYQ2DoTntN9FBbtUWcGhc+T4FP6kCKYwRLXyU4AajwGIZstvNAmIEgUUNTQ==}
    engines: {node: '>=14.0.0'}
    dependencies:
      '@smithy/types': 2.7.0
      tslib: 2.6.2
    dev: true

  /@smithy/service-error-classification@2.0.8:
    resolution: {integrity: sha512-jCw9+005im8tsfYvwwSc4TTvd29kXRFkH9peQBg5R/4DD03ieGm6v6Hpv9nIAh98GwgYg1KrztcINC1s4o7/hg==}
    engines: {node: '>=14.0.0'}
    dependencies:
      '@smithy/types': 2.7.0
    dev: true

  /@smithy/shared-ini-file-loader@2.2.7:
    resolution: {integrity: sha512-0Qt5CuiogIuvQIfK+be7oVHcPsayLgfLJGkPlbgdbl0lD28nUKu4p11L+UG3SAEsqc9UsazO+nErPXw7+IgDpQ==}
    engines: {node: '>=14.0.0'}
    dependencies:
      '@smithy/types': 2.7.0
      tslib: 2.6.2
    dev: true

  /@smithy/signature-v4@2.0.18:
    resolution: {integrity: sha512-SJRAj9jT/l9ocm8D0GojMbnA1sp7I4JeStOQ4lEXI8A5eHE73vbjlzlqIFB7cLvIgau0oUl4cGVpF9IGCrvjlw==}
    engines: {node: '>=14.0.0'}
    dependencies:
      '@smithy/eventstream-codec': 2.0.15
      '@smithy/is-array-buffer': 2.0.0
      '@smithy/types': 2.7.0
      '@smithy/util-hex-encoding': 2.0.0
      '@smithy/util-middleware': 2.0.8
      '@smithy/util-uri-escape': 2.0.0
      '@smithy/util-utf8': 2.0.2
      tslib: 2.6.2
    dev: true

  /@smithy/smithy-client@2.2.0:
    resolution: {integrity: sha512-C/bkNue5H5Obgl83SnlBt4v6VM68CqIjIELh3vAabud87xFYznLNKtj6Qb69Z+QOnLp9T+We++sEem/f2AHE+Q==}
    engines: {node: '>=14.0.0'}
    dependencies:
      '@smithy/middleware-endpoint': 2.2.3
      '@smithy/middleware-stack': 2.0.9
      '@smithy/protocol-http': 3.0.11
      '@smithy/types': 2.7.0
      '@smithy/util-stream': 2.0.23
      tslib: 2.6.2
    dev: true

  /@smithy/types@2.7.0:
    resolution: {integrity: sha512-1OIFyhK+vOkMbu4aN2HZz/MomREkrAC/HqY5mlJMUJfGrPRwijJDTeiN8Rnj9zUaB8ogXAfIOtZrrgqZ4w7Wnw==}
    engines: {node: '>=14.0.0'}
    dependencies:
      tslib: 2.6.2
    dev: true

  /@smithy/url-parser@2.0.15:
    resolution: {integrity: sha512-sADUncUj9rNbOTrdDGm4EXlUs0eQ9dyEo+V74PJoULY4jSQxS+9gwEgsPYyiu8PUOv16JC/MpHonOgqP/IEDZA==}
    dependencies:
      '@smithy/querystring-parser': 2.0.15
      '@smithy/types': 2.7.0
      tslib: 2.6.2
    dev: true

  /@smithy/util-base64@2.0.1:
    resolution: {integrity: sha512-DlI6XFYDMsIVN+GH9JtcRp3j02JEVuWIn/QOZisVzpIAprdsxGveFed0bjbMRCqmIFe8uetn5rxzNrBtIGrPIQ==}
    engines: {node: '>=14.0.0'}
    dependencies:
      '@smithy/util-buffer-from': 2.0.0
      tslib: 2.6.2
    dev: true

  /@smithy/util-body-length-browser@2.0.1:
    resolution: {integrity: sha512-NXYp3ttgUlwkaug4bjBzJ5+yIbUbUx8VsSLuHZROQpoik+gRkIBeEG9MPVYfvPNpuXb/puqodeeUXcKFe7BLOQ==}
    dependencies:
      tslib: 2.6.2
    dev: true

  /@smithy/util-body-length-node@2.1.0:
    resolution: {integrity: sha512-/li0/kj/y3fQ3vyzn36NTLGmUwAICb7Jbe/CsWCktW363gh1MOcpEcSO3mJ344Gv2dqz8YJCLQpb6hju/0qOWw==}
    engines: {node: '>=14.0.0'}
    dependencies:
      tslib: 2.6.2
    dev: true

  /@smithy/util-buffer-from@2.0.0:
    resolution: {integrity: sha512-/YNnLoHsR+4W4Vf2wL5lGv0ksg8Bmk3GEGxn2vEQt52AQaPSCuaO5PM5VM7lP1K9qHRKHwrPGktqVoAHKWHxzw==}
    engines: {node: '>=14.0.0'}
    dependencies:
      '@smithy/is-array-buffer': 2.0.0
      tslib: 2.6.2
    dev: true

  /@smithy/util-config-provider@2.0.0:
    resolution: {integrity: sha512-xCQ6UapcIWKxXHEU4Mcs2s7LcFQRiU3XEluM2WcCjjBtQkUN71Tb+ydGmJFPxMUrW/GWMgQEEGipLym4XG0jZg==}
    engines: {node: '>=14.0.0'}
    dependencies:
      tslib: 2.6.2
    dev: true

  /@smithy/util-defaults-mode-browser@2.0.23:
    resolution: {integrity: sha512-2u+7t7Wgz1jlfsf6il3pz6DIzyJHS3qrnNnmATICm00pQeqp2D4kUOYauOgKGIeKgVpwzzq8+hFQe749r3xR5w==}
    engines: {node: '>= 10.0.0'}
    dependencies:
      '@smithy/property-provider': 2.0.16
      '@smithy/smithy-client': 2.2.0
      '@smithy/types': 2.7.0
      bowser: 2.11.0
      tslib: 2.6.2
    dev: true

  /@smithy/util-defaults-mode-node@2.0.30:
    resolution: {integrity: sha512-nmcmEyRlClNprp7mBnUzfmW6HrKQK+yvl+cyXCRUoQSxRvZuLDrztV+JD+zr3qV/oirEc4Q0QNIrrhTDCE6JeA==}
    engines: {node: '>= 10.0.0'}
    dependencies:
      '@smithy/config-resolver': 2.0.21
      '@smithy/credential-provider-imds': 2.1.4
      '@smithy/node-config-provider': 2.1.8
      '@smithy/property-provider': 2.0.16
      '@smithy/smithy-client': 2.2.0
      '@smithy/types': 2.7.0
      tslib: 2.6.2
    dev: true

  /@smithy/util-endpoints@1.0.7:
    resolution: {integrity: sha512-Q2gEind3jxoLk6hdKWyESMU7LnXz8aamVwM+VeVjOYzYT1PalGlY/ETa48hv2YpV4+YV604y93YngyzzzQ4IIA==}
    engines: {node: '>= 14.0.0'}
    dependencies:
      '@smithy/node-config-provider': 2.1.8
      '@smithy/types': 2.7.0
      tslib: 2.6.2
    dev: true

  /@smithy/util-hex-encoding@2.0.0:
    resolution: {integrity: sha512-c5xY+NUnFqG6d7HFh1IFfrm3mGl29lC+vF+geHv4ToiuJCBmIfzx6IeHLg+OgRdPFKDXIw6pvi+p3CsscaMcMA==}
    engines: {node: '>=14.0.0'}
    dependencies:
      tslib: 2.6.2
    dev: true

  /@smithy/util-middleware@2.0.8:
    resolution: {integrity: sha512-qkvqQjM8fRGGA8P2ydWylMhenCDP8VlkPn8kiNuFEaFz9xnUKC2irfqsBSJrfrOB9Qt6pQsI58r3zvvumhFMkw==}
    engines: {node: '>=14.0.0'}
    dependencies:
      '@smithy/types': 2.7.0
      tslib: 2.6.2
    dev: true

  /@smithy/util-retry@2.0.8:
    resolution: {integrity: sha512-cQTPnVaVFMjjS6cb44WV2yXtHVyXDC5icKyIbejMarJEApYeJWpBU3LINTxHqp/tyLI+MZOUdosr2mZ3sdziNg==}
    engines: {node: '>= 14.0.0'}
    dependencies:
      '@smithy/service-error-classification': 2.0.8
      '@smithy/types': 2.7.0
      tslib: 2.6.2
    dev: true

  /@smithy/util-stream@2.0.23:
    resolution: {integrity: sha512-OJMWq99LAZJUzUwTk+00plyxX3ESktBaGPhqNIEVab+53gLULiWN9B/8bRABLg0K6R6Xg4t80uRdhk3B/LZqMQ==}
    engines: {node: '>=14.0.0'}
    dependencies:
      '@smithy/fetch-http-handler': 2.3.1
      '@smithy/node-http-handler': 2.2.1
      '@smithy/types': 2.7.0
      '@smithy/util-base64': 2.0.1
      '@smithy/util-buffer-from': 2.0.0
      '@smithy/util-hex-encoding': 2.0.0
      '@smithy/util-utf8': 2.0.2
      tslib: 2.6.2
    dev: true

  /@smithy/util-uri-escape@2.0.0:
    resolution: {integrity: sha512-ebkxsqinSdEooQduuk9CbKcI+wheijxEb3utGXkCoYQkJnwTnLbH1JXGimJtUkQwNQbsbuYwG2+aFVyZf5TLaw==}
    engines: {node: '>=14.0.0'}
    dependencies:
      tslib: 2.6.2
    dev: true

  /@smithy/util-utf8@2.0.2:
    resolution: {integrity: sha512-qOiVORSPm6Ce4/Yu6hbSgNHABLP2VMv8QOC3tTDNHHlWY19pPyc++fBTbZPtx6egPXi4HQxKDnMxVxpbtX2GoA==}
    engines: {node: '>=14.0.0'}
    dependencies:
      '@smithy/util-buffer-from': 2.0.0
      tslib: 2.6.2
    dev: true

  /@smithy/util-waiter@2.0.15:
    resolution: {integrity: sha512-9Y+btzzB7MhLADW7xgD6SjvmoYaRkrb/9SCbNGmNdfO47v38rxb90IGXyDtAK0Shl9bMthTmLgjlfYc+vtz2Qw==}
    engines: {node: '>=14.0.0'}
    dependencies:
      '@smithy/abort-controller': 2.0.15
      '@smithy/types': 2.7.0
      tslib: 2.6.2
    dev: true

  /@tsconfig/node20@20.1.2:
    resolution: {integrity: sha512-madaWq2k+LYMEhmcp0fs+OGaLFk0OenpHa4gmI4VEmCKX4PJntQ6fnnGADVFrVkBj0wIdAlQnK/MrlYTHsa1gQ==}
    dev: true

  /bowser@2.11.0:
    resolution: {integrity: sha512-AlcaJBi/pqqJBIQ8U9Mcpc9i8Aqxn88Skv5d+xBX006BY5u8N3mGLHa5Lgppa7L/HfwgwLgZ6NYs+Ag6uUmJRA==}
    dev: true

  /bun-types@1.0.14:
    resolution: {integrity: sha512-hLVfM2fk8xSJeobfuPGilfvxM5gLtEy1bn7RJhrtw3u4OaC0kieXKYFFTVHU8jZ3hj8YyPLIFClIUodkFSrMBQ==}
    dev: true

  /bun@1.0.14:
    resolution: {integrity: sha512-fOi0SscF/yIv2Hl0iuD/YG/SgiH5stKsKO8RDRMDB9ZTQM3enq9sUhz2bCj3hf+4HVMcMQoOtrnT8SQAdqve6A==}
    cpu: [arm64, x64]
    os: [darwin, linux]
    hasBin: true
    requiresBuild: true
    optionalDependencies:
      '@oven/bun-darwin-aarch64': 1.0.14
      '@oven/bun-darwin-x64': 1.0.14
      '@oven/bun-darwin-x64-baseline': 1.0.14
      '@oven/bun-linux-aarch64': 1.0.14
      '@oven/bun-linux-x64': 1.0.14
      '@oven/bun-linux-x64-baseline': 1.0.14
    dev: true

  /fast-xml-parser@4.2.5:
    resolution: {integrity: sha512-B9/wizE4WngqQftFPmdaMYlXoJlJOYxGQOanC77fq9k8+Z0v5dDSVh+3glErdIROP//s/jgb7ZuxKfB8nVyo0g==}
    hasBin: true
    dependencies:
      strnum: 1.0.5
    dev: true

  /mnemonist@0.38.3:
    resolution: {integrity: sha512-2K9QYubXx/NAjv4VLq1d1Ly8pWNC5L3BrixtdkyTegXWJIqY+zLNDhhX/A+ZwWt70tB1S8H4BE8FLYEFyNoOBw==}
    dependencies:
      obliterator: 1.6.1
    dev: true

  /obliterator@1.6.1:
    resolution: {integrity: sha512-9WXswnqINnnhOG/5SLimUlzuU1hFJUc8zkwyD59Sd+dPOMf05PmnYG/d6Q7HZ+KmgkZJa1PxRso6QdM3sTNHig==}
    dev: true

  /strnum@1.0.5:
    resolution: {integrity: sha512-J8bbNyKKXl5qYcR36TIO8W3mVGVHrmmxsd5PAItGkmyzwJvybiw2IVq5nqd0i4LSNSkB/sx9VHllbfFdr9k1JA==}
    dev: true

  /tslib@1.14.1:
    resolution: {integrity: sha512-Xni35NKzjgMrwevysHTCArtLDpPvye8zV/0E4EyYn43P7/7qvQwPh9BGkHewbMulVntbigmcT7rdX3BNo9wRJg==}
    dev: true

  /tslib@2.6.2:
    resolution: {integrity: sha512-AEYxH93jGFPn/a2iVAwW87VuUIkR1FVUKB77NwMF7nBTDkDrrT/Hpt/IrCJ0QXhW27jTBDcf5ZY7w6RiqTMw2Q==}
    dev: true

  /typescript@5.3.3:
    resolution: {integrity: sha512-pXWcraxM0uxAS+tN0AG/BF2TyqmHO014Z070UsJ+pFvYuRSq8KH8DmWpnbXe0pEPDHXZV3FcAbJkijJ5oNEnWw==}
    engines: {node: '>=14.17'}
    hasBin: true
    dev: true

  /uuid@8.3.2:
    resolution: {integrity: sha512-+NYs2QeMWy+GWFOEm9xnn6HCDp0l7QBD7ml8zLUmJ+93Q5NF0NocErnwkTkXVFNiX3/fpC6afS8Dhb/gz7R7eg==}
    hasBin: true
    dev: true
